// !$*UTF8*$!
{
	archiveVersion = 1;
	classes = {
	};
	objectVersion = 50;
	objects = {

/* Begin PBXBuildFile section */
		90A7C248214710A1007B5D83 /* AppDelegate.swift in Sources */ = {isa = PBXBuildFile; fileRef = 90A7C247214710A1007B5D83 /* AppDelegate.swift */; };
		90A7C24A214710A1007B5D83 /* ViewController.swift in Sources */ = {isa = PBXBuildFile; fileRef = 90A7C249214710A1007B5D83 /* ViewController.swift */; };
		90A7C24D214710A1007B5D83 /* Main.storyboard in Resources */ = {isa = PBXBuildFile; fileRef = 90A7C24B214710A1007B5D83 /* Main.storyboard */; };
		90A7C24F214710A2007B5D83 /* Assets.xcassets in Resources */ = {isa = PBXBuildFile; fileRef = 90A7C24E214710A2007B5D83 /* Assets.xcassets */; };
		90A7C252214710A2007B5D83 /* LaunchScreen.storyboard in Resources */ = {isa = PBXBuildFile; fileRef = 90A7C250214710A2007B5D83 /* LaunchScreen.storyboard */; };
		90A7C25D214710A2007B5D83 /* Tumblr_FeedTests.swift in Sources */ = {isa = PBXBuildFile; fileRef = 90A7C25C214710A2007B5D83 /* Tumblr_FeedTests.swift */; };
		90A7C268214710A2007B5D83 /* Tumblr_FeedUITests.swift in Sources */ = {isa = PBXBuildFile; fileRef = 90A7C267214710A2007B5D83 /* Tumblr_FeedUITests.swift */; };
/* End PBXBuildFile section */

/* Begin PBXContainerItemProxy section */
		90A7C259214710A2007B5D83 /* PBXContainerItemProxy */ = {
			isa = PBXContainerItemProxy;
			containerPortal = 90A7C23C214710A1007B5D83 /* Project object */;
			proxyType = 1;
			remoteGlobalIDString = 90A7C243214710A1007B5D83;
			remoteInfo = Tumblr_Feed;
		};
		90A7C264214710A2007B5D83 /* PBXContainerItemProxy */ = {
			isa = PBXContainerItemProxy;
			containerPortal = 90A7C23C214710A1007B5D83 /* Project object */;
			proxyType = 1;
			remoteGlobalIDString = 90A7C243214710A1007B5D83;
			remoteInfo = Tumblr_Feed;
		};
/* End PBXContainerItemProxy section */

/* Begin PBXFileReference section */
		90A7C244214710A1007B5D83 /* Tumblr_Feed.app */ = {isa = PBXFileReference; explicitFileType = wrapper.application; includeInIndex = 0; path = Tumblr_Feed.app; sourceTree = BUILT_PRODUCTS_DIR; };
		90A7C247214710A1007B5D83 /* AppDelegate.swift */ = {isa = PBXFileReference; lastKnownFileType = sourcecode.swift; path = AppDelegate.swift; sourceTree = "<group>"; };
		90A7C249214710A1007B5D83 /* ViewController.swift */ = {isa = PBXFileReference; lastKnownFileType = sourcecode.swift; path = ViewController.swift; sourceTree = "<group>"; };
		90A7C24C214710A1007B5D83 /* Base */ = {isa = PBXFileReference; lastKnownFileType = file.storyboard; name = Base; path = Base.lproj/Main.storyboard; sourceTree = "<group>"; };
		90A7C24E214710A2007B5D83 /* Assets.xcassets */ = {isa = PBXFileReference; lastKnownFileType = folder.assetcatalog; path = Assets.xcassets; sourceTree = "<group>"; };
		90A7C251214710A2007B5D83 /* Base */ = {isa = PBXFileReference; lastKnownFileType = file.storyboard; name = Base; path = Base.lproj/LaunchScreen.storyboard; sourceTree = "<group>"; };
		90A7C253214710A2007B5D83 /* Info.plist */ = {isa = PBXFileReference; lastKnownFileType = text.plist.xml; path = Info.plist; sourceTree = "<group>"; };
		90A7C258214710A2007B5D83 /* Tumblr_FeedTests.xctest */ = {isa = PBXFileReference; explicitFileType = wrapper.cfbundle; includeInIndex = 0; path = Tumblr_FeedTests.xctest; sourceTree = BUILT_PRODUCTS_DIR; };
		90A7C25C214710A2007B5D83 /* Tumblr_FeedTests.swift */ = {isa = PBXFileReference; lastKnownFileType = sourcecode.swift; path = Tumblr_FeedTests.swift; sourceTree = "<group>"; };
		90A7C25E214710A2007B5D83 /* Info.plist */ = {isa = PBXFileReference; lastKnownFileType = text.plist.xml; path = Info.plist; sourceTree = "<group>"; };
		90A7C263214710A2007B5D83 /* Tumblr_FeedUITests.xctest */ = {isa = PBXFileReference; explicitFileType = wrapper.cfbundle; includeInIndex = 0; path = Tumblr_FeedUITests.xctest; sourceTree = BUILT_PRODUCTS_DIR; };
		90A7C267214710A2007B5D83 /* Tumblr_FeedUITests.swift */ = {isa = PBXFileReference; lastKnownFileType = sourcecode.swift; path = Tumblr_FeedUITests.swift; sourceTree = "<group>"; };
		90A7C269214710A2007B5D83 /* Info.plist */ = {isa = PBXFileReference; lastKnownFileType = text.plist.xml; path = Info.plist; sourceTree = "<group>"; };
/* End PBXFileReference section */

/* Begin PBXFrameworksBuildPhase section */
		90A7C241214710A1007B5D83 /* Frameworks */ = {
			isa = PBXFrameworksBuildPhase;
			buildActionMask = 2147483647;
			files = (
			);
			runOnlyForDeploymentPostprocessing = 0;
		};
		90A7C255214710A2007B5D83 /* Frameworks */ = {
			isa = PBXFrameworksBuildPhase;
			buildActionMask = 2147483647;
			files = (
			);
			runOnlyForDeploymentPostprocessing = 0;
		};
		90A7C260214710A2007B5D83 /* Frameworks */ = {
			isa = PBXFrameworksBuildPhase;
			buildActionMask = 2147483647;
			files = (
			);
			runOnlyForDeploymentPostprocessing = 0;
		};
/* End PBXFrameworksBuildPhase section */

/* Begin PBXGroup section */
		90A7C23B214710A1007B5D83 = {
			isa = PBXGroup;
			children = (
				90A7C246214710A1007B5D83 /* Tumblr_Feed */,
				90A7C25B214710A2007B5D83 /* Tumblr_FeedTests */,
				90A7C266214710A2007B5D83 /* Tumblr_FeedUITests */,
				90A7C245214710A1007B5D83 /* Products */,
			);
			sourceTree = "<group>";
		};
		90A7C245214710A1007B5D83 /* Products */ = {
			isa = PBXGroup;
			children = (
				90A7C244214710A1007B5D83 /* Tumblr_Feed.app */,
				90A7C258214710A2007B5D83 /* Tumblr_FeedTests.xctest */,
				90A7C263214710A2007B5D83 /* Tumblr_FeedUITests.xctest */,
			);
			name = Products;
			sourceTree = "<group>";
		};
		90A7C246214710A1007B5D83 /* Tumblr_Feed */ = {
			isa = PBXGroup;
			children = (
				90A7C247214710A1007B5D83 /* AppDelegate.swift */,
				90A7C249214710A1007B5D83 /* ViewController.swift */,
				90A7C24B214710A1007B5D83 /* Main.storyboard */,
				90A7C24E214710A2007B5D83 /* Assets.xcassets */,
				90A7C250214710A2007B5D83 /* LaunchScreen.storyboard */,
				90A7C253214710A2007B5D83 /* Info.plist */,
			);
			path = Tumblr_Feed;
			sourceTree = "<group>";
		};
		90A7C25B214710A2007B5D83 /* Tumblr_FeedTests */ = {
			isa = PBXGroup;
			children = (
				90A7C25C214710A2007B5D83 /* Tumblr_FeedTests.swift */,
				90A7C25E214710A2007B5D83 /* Info.plist */,
			);
			path = Tumblr_FeedTests;
			sourceTree = "<group>";
		};
		90A7C266214710A2007B5D83 /* Tumblr_FeedUITests */ = {
			isa = PBXGroup;
			children = (
				90A7C267214710A2007B5D83 /* Tumblr_FeedUITests.swift */,
				90A7C269214710A2007B5D83 /* Info.plist */,
			);
			path = Tumblr_FeedUITests;
			sourceTree = "<group>";
		};
/* End PBXGroup section */

/* Begin PBXNativeTarget section */
		90A7C243214710A1007B5D83 /* Tumblr_Feed */ = {
			isa = PBXNativeTarget;
			buildConfigurationList = 90A7C26C214710A2007B5D83 /* Build configuration list for PBXNativeTarget "Tumblr_Feed" */;
			buildPhases = (
				90A7C240214710A1007B5D83 /* Sources */,
				90A7C241214710A1007B5D83 /* Frameworks */,
				90A7C242214710A1007B5D83 /* Resources */,
			);
			buildRules = (
			);
			dependencies = (
			);
			name = Tumblr_Feed;
			productName = Tumblr_Feed;
			productReference = 90A7C244214710A1007B5D83 /* Tumblr_Feed.app */;
			productType = "com.apple.product-type.application";
		};
		90A7C257214710A2007B5D83 /* Tumblr_FeedTests */ = {
			isa = PBXNativeTarget;
			buildConfigurationList = 90A7C26F214710A2007B5D83 /* Build configuration list for PBXNativeTarget "Tumblr_FeedTests" */;
			buildPhases = (
				90A7C254214710A2007B5D83 /* Sources */,
				90A7C255214710A2007B5D83 /* Frameworks */,
				90A7C256214710A2007B5D83 /* Resources */,
			);
			buildRules = (
			);
			dependencies = (
				90A7C25A214710A2007B5D83 /* PBXTargetDependency */,
			);
			name = Tumblr_FeedTests;
			productName = Tumblr_FeedTests;
			productReference = 90A7C258214710A2007B5D83 /* Tumblr_FeedTests.xctest */;
			productType = "com.apple.product-type.bundle.unit-test";
		};
		90A7C262214710A2007B5D83 /* Tumblr_FeedUITests */ = {
			isa = PBXNativeTarget;
			buildConfigurationList = 90A7C272214710A2007B5D83 /* Build configuration list for PBXNativeTarget "Tumblr_FeedUITests" */;
			buildPhases = (
				90A7C25F214710A2007B5D83 /* Sources */,
				90A7C260214710A2007B5D83 /* Frameworks */,
				90A7C261214710A2007B5D83 /* Resources */,
			);
			buildRules = (
			);
			dependencies = (
				90A7C265214710A2007B5D83 /* PBXTargetDependency */,
			);
			name = Tumblr_FeedUITests;
			productName = Tumblr_FeedUITests;
			productReference = 90A7C263214710A2007B5D83 /* Tumblr_FeedUITests.xctest */;
			productType = "com.apple.product-type.bundle.ui-testing";
		};
/* End PBXNativeTarget section */

/* Begin PBXProject section */
		90A7C23C214710A1007B5D83 /* Project object */ = {
			isa = PBXProject;
			attributes = {
				LastSwiftUpdateCheck = 0940;
				LastUpgradeCheck = 0940;
				ORGANIZATIONNAME = georginaxu;
				TargetAttributes = {
					90A7C243214710A1007B5D83 = {
						CreatedOnToolsVersion = 9.4.1;
					};
					90A7C257214710A2007B5D83 = {
						CreatedOnToolsVersion = 9.4.1;
						TestTargetID = 90A7C243214710A1007B5D83;
					};
					90A7C262214710A2007B5D83 = {
						CreatedOnToolsVersion = 9.4.1;
						TestTargetID = 90A7C243214710A1007B5D83;
					};
				};
			};
			buildConfigurationList = 90A7C23F214710A1007B5D83 /* Build configuration list for PBXProject "Tumblr_Feed" */;
			compatibilityVersion = "Xcode 9.3";
			developmentRegion = en;
			hasScannedForEncodings = 0;
			knownRegions = (
				en,
				Base,
			);
			mainGroup = 90A7C23B214710A1007B5D83;
			productRefGroup = 90A7C245214710A1007B5D83 /* Products */;
			projectDirPath = "";
			projectRoot = "";
			targets = (
				90A7C243214710A1007B5D83 /* Tumblr_Feed */,
				90A7C257214710A2007B5D83 /* Tumblr_FeedTests */,
				90A7C262214710A2007B5D83 /* Tumblr_FeedUITests */,
			);
		};
/* End PBXProject section */

/* Begin PBXResourcesBuildPhase section */
		90A7C242214710A1007B5D83 /* Resources */ = {
			isa = PBXResourcesBuildPhase;
			buildActionMask = 2147483647;
			files = (
				90A7C252214710A2007B5D83 /* LaunchScreen.storyboard in Resources */,
				90A7C24F214710A2007B5D83 /* Assets.xcassets in Resources */,
				90A7C24D214710A1007B5D83 /* Main.storyboard in Resources */,
			);
			runOnlyForDeploymentPostprocessing = 0;
		};
		90A7C256214710A2007B5D83 /* Resources */ = {
			isa = PBXResourcesBuildPhase;
			buildActionMask = 2147483647;
			files = (
			);
			runOnlyForDeploymentPostprocessing = 0;
		};
		90A7C261214710A2007B5D83 /* Resources */ = {
			isa = PBXResourcesBuildPhase;
			buildActionMask = 2147483647;
			files = (
			);
			runOnlyForDeploymentPostprocessing = 0;
		};
/* End PBXResourcesBuildPhase section */

/* Begin PBXSourcesBuildPhase section */
		90A7C240214710A1007B5D83 /* Sources */ = {
			isa = PBXSourcesBuildPhase;
			buildActionMask = 2147483647;
			files = (
				90A7C24A214710A1007B5D83 /* ViewController.swift in Sources */,
				90A7C248214710A1007B5D83 /* AppDelegate.swift in Sources */,
			);
			runOnlyForDeploymentPostprocessing = 0;
		};
		90A7C254214710A2007B5D83 /* Sources */ = {
			isa = PBXSourcesBuildPhase;
			buildActionMask = 2147483647;
			files = (
				90A7C25D214710A2007B5D83 /* Tumblr_FeedTests.swift in Sources */,
			);
			runOnlyForDeploymentPostprocessing = 0;
		};
		90A7C25F214710A2007B5D83 /* Sources */ = {
			isa = PBXSourcesBuildPhase;
			buildActionMask = 2147483647;
			files = (
				90A7C268214710A2007B5D83 /* Tumblr_FeedUITests.swift in Sources */,
			);
			runOnlyForDeploymentPostprocessing = 0;
		};
/* End PBXSourcesBuildPhase section */

/* Begin PBXTargetDependency section */
		90A7C25A214710A2007B5D83 /* PBXTargetDependency */ = {
			isa = PBXTargetDependency;
			target = 90A7C243214710A1007B5D83 /* Tumblr_Feed */;
			targetProxy = 90A7C259214710A2007B5D83 /* PBXContainerItemProxy */;
		};
		90A7C265214710A2007B5D83 /* PBXTargetDependency */ = {
			isa = PBXTargetDependency;
			target = 90A7C243214710A1007B5D83 /* Tumblr_Feed */;
			targetProxy = 90A7C264214710A2007B5D83 /* PBXContainerItemProxy */;
		};
/* End PBXTargetDependency section */

/* Begin PBXVariantGroup section */
		90A7C24B214710A1007B5D83 /* Main.storyboard */ = {
			isa = PBXVariantGroup;
			children = (
				90A7C24C214710A1007B5D83 /* Base */,
			);
			name = Main.storyboard;
			sourceTree = "<group>";
		};
		90A7C250214710A2007B5D83 /* LaunchScreen.storyboard */ = {
			isa = PBXVariantGroup;
			children = (
				90A7C251214710A2007B5D83 /* Base */,
			);
			name = LaunchScreen.storyboard;
			sourceTree = "<group>";
		};
/* End PBXVariantGroup section */

/* Begin XCBuildConfiguration section */
		90A7C26A214710A2007B5D83 /* Debug */ = {
			isa = XCBuildConfiguration;
			buildSettings = {
				ALWAYS_SEARCH_USER_PATHS = NO;
				CLANG_ANALYZER_NONNULL = YES;
				CLANG_ANALYZER_NUMBER_OBJECT_CONVERSION = YES_AGGRESSIVE;
				CLANG_CXX_LANGUAGE_STANDARD = "gnu++14";
				CLANG_CXX_LIBRARY = "libc++";
				CLANG_ENABLE_MODULES = YES;
				CLANG_ENABLE_OBJC_ARC = YES;
				CLANG_ENABLE_OBJC_WEAK = YES;
				CLANG_WARN_BLOCK_CAPTURE_AUTORELEASING = YES;
				CLANG_WARN_BOOL_CONVERSION = YES;
				CLANG_WARN_COMMA = YES;
				CLANG_WARN_CONSTANT_CONVERSION = YES;
				CLANG_WARN_DEPRECATED_OBJC_IMPLEMENTATIONS = YES;
				CLANG_WARN_DIRECT_OBJC_ISA_USAGE = YES_ERROR;
				CLANG_WARN_DOCUMENTATION_COMMENTS = YES;
				CLANG_WARN_EMPTY_BODY = YES;
				CLANG_WARN_ENUM_CONVERSION = YES;
				CLANG_WARN_INFINITE_RECURSION = YES;
				CLANG_WARN_INT_CONVERSION = YES;
				CLANG_WARN_NON_LITERAL_NULL_CONVERSION = YES;
				CLANG_WARN_OBJC_IMPLICIT_RETAIN_SELF = YES;
				CLANG_WARN_OBJC_LITERAL_CONVERSION = YES;
				CLANG_WARN_OBJC_ROOT_CLASS = YES_ERROR;
				CLANG_WARN_RANGE_LOOP_ANALYSIS = YES;
				CLANG_WARN_STRICT_PROTOTYPES = YES;
				CLANG_WARN_SUSPICIOUS_MOVE = YES;
				CLANG_WARN_UNGUARDED_AVAILABILITY = YES_AGGRESSIVE;
				CLANG_WARN_UNREACHABLE_CODE = YES;
				CLANG_WARN__DUPLICATE_METHOD_MATCH = YES;
				CODE_SIGN_IDENTITY = "iPhone Developer";
				COPY_PHASE_STRIP = NO;
				DEBUG_INFORMATION_FORMAT = dwarf;
				ENABLE_STRICT_OBJC_MSGSEND = YES;
				ENABLE_TESTABILITY = YES;
				GCC_C_LANGUAGE_STANDARD = gnu11;
				GCC_DYNAMIC_NO_PIC = NO;
				GCC_NO_COMMON_BLOCKS = YES;
				GCC_OPTIMIZATION_LEVEL = 0;
				GCC_PREPROCESSOR_DEFINITIONS = (
					"DEBUG=1",
					"$(inherited)",
				);
				GCC_WARN_64_TO_32_BIT_CONVERSION = YES;
				GCC_WARN_ABOUT_RETURN_TYPE = YES_ERROR;
				GCC_WARN_UNDECLARED_SELECTOR = YES;
				GCC_WARN_UNINITIALIZED_AUTOS = YES_AGGRESSIVE;
				GCC_WARN_UNUSED_FUNCTION = YES;
				GCC_WARN_UNUSED_VARIABLE = YES;
				IPHONEOS_DEPLOYMENT_TARGET = 11.4;
				MTL_ENABLE_DEBUG_INFO = YES;
				ONLY_ACTIVE_ARCH = YES;
				SDKROOT = iphoneos;
				SWIFT_ACTIVE_COMPILATION_CONDITIONS = DEBUG;
				SWIFT_OPTIMIZATION_LEVEL = "-Onone";
			};
			name = Debug;
		};
		90A7C26B214710A2007B5D83 /* Release */ = {
			isa = XCBuildConfiguration;
			buildSettings = {
				ALWAYS_SEARCH_USER_PATHS = NO;
				CLANG_ANALYZER_NONNULL = YES;
				CLANG_ANALYZER_NUMBER_OBJECT_CONVERSION = YES_AGGRESSIVE;
				CLANG_CXX_LANGUAGE_STANDARD = "gnu++14";
				CLANG_CXX_LIBRARY = "libc++";
				CLANG_ENABLE_MODULES = YES;
				CLANG_ENABLE_OBJC_ARC = YES;
				CLANG_ENABLE_OBJC_WEAK = YES;
				CLANG_WARN_BLOCK_CAPTURE_AUTORELEASING = YES;
				CLANG_WARN_BOOL_CONVERSION = YES;
				CLANG_WARN_COMMA = YES;
				CLANG_WARN_CONSTANT_CONVERSION = YES;
				CLANG_WARN_DEPRECATED_OBJC_IMPLEMENTATIONS = YES;
				CLANG_WARN_DIRECT_OBJC_ISA_USAGE = YES_ERROR;
				CLANG_WARN_DOCUMENTATION_COMMENTS = YES;
				CLANG_WARN_EMPTY_BODY = YES;
				CLANG_WARN_ENUM_CONVERSION = YES;
				CLANG_WARN_INFINITE_RECURSION = YES;
				CLANG_WARN_INT_CONVERSION = YES;
				CLANG_WARN_NON_LITERAL_NULL_CONVERSION = YES;
				CLANG_WARN_OBJC_IMPLICIT_RETAIN_SELF = YES;
				CLANG_WARN_OBJC_LITERAL_CONVERSION = YES;
				CLANG_WARN_OBJC_ROOT_CLASS = YES_ERROR;
				CLANG_WARN_RANGE_LOOP_ANALYSIS = YES;
				CLANG_WARN_STRICT_PROTOTYPES = YES;
				CLANG_WARN_SUSPICIOUS_MOVE = YES;
				CLANG_WARN_UNGUARDED_AVAILABILITY = YES_AGGRESSIVE;
				CLANG_WARN_UNREACHABLE_CODE = YES;
				CLANG_WARN__DUPLICATE_METHOD_MATCH = YES;
				CODE_SIGN_IDENTITY = "iPhone Developer";
				COPY_PHASE_STRIP = NO;
				DEBUG_INFORMATION_FORMAT = "dwarf-with-dsym";
				ENABLE_NS_ASSERTIONS = NO;
				ENABLE_STRICT_OBJC_MSGSEND = YES;
				GCC_C_LANGUAGE_STANDARD = gnu11;
				GCC_NO_COMMON_BLOCKS = YES;
				GCC_WARN_64_TO_32_BIT_CONVERSION = YES;
				GCC_WARN_ABOUT_RETURN_TYPE = YES_ERROR;
				GCC_WARN_UNDECLARED_SELECTOR = YES;
				GCC_WARN_UNINITIALIZED_AUTOS = YES_AGGRESSIVE;
				GCC_WARN_UNUSED_FUNCTION = YES;
				GCC_WARN_UNUSED_VARIABLE = YES;
				IPHONEOS_DEPLOYMENT_TARGET = 11.4;
				MTL_ENABLE_DEBUG_INFO = NO;
				SDKROOT = iphoneos;
				SWIFT_COMPILATION_MODE = wholemodule;
				SWIFT_OPTIMIZATION_LEVEL = "-O";
				VALIDATE_PRODUCT = YES;
			};
			name = Release;
		};
		90A7C26D214710A2007B5D83 /* Debug */ = {
			isa = XCBuildConfiguration;
			buildSettings = {
				ASSETCATALOG_COMPILER_APPICON_NAME = AppIcon;
				CODE_SIGN_STYLE = Automatic;
				INFOPLIST_FILE = Tumblr_Feed/Info.plist;
				LD_RUNPATH_SEARCH_PATHS = (
					"$(inherited)",
					"@executable_path/Frameworks",
				);
				PRODUCT_BUNDLE_IDENTIFIER = "com.codepath.Tumblr-Feed";
				PRODUCT_NAME = "$(TARGET_NAME)";
				SWIFT_VERSION = 4.0;
				TARGETED_DEVICE_FAMILY = "1,2";
			};
			name = Debug;
		};
		90A7C26E214710A2007B5D83 /* Release */ = {
			isa = XCBuildConfiguration;
			buildSettings = {
				ASSETCATALOG_COMPILER_APPICON_NAME = AppIcon;
				CODE_SIGN_STYLE = Automatic;
				INFOPLIST_FILE = Tumblr_Feed/Info.plist;
				LD_RUNPATH_SEARCH_PATHS = (
					"$(inherited)",
					"@executable_path/Frameworks",
				);
				PRODUCT_BUNDLE_IDENTIFIER = "com.codepath.Tumblr-Feed";
				PRODUCT_NAME = "$(TARGET_NAME)";
				SWIFT_VERSION = 4.0;
				TARGETED_DEVICE_FAMILY = "1,2";
			};
			name = Release;
		};
		90A7C270214710A2007B5D83 /* Debug */ = {
			isa = XCBuildConfiguration;
			buildSettings = {
				ALWAYS_EMBED_SWIFT_STANDARD_LIBRARIES = YES;
				BUNDLE_LOADER = "$(TEST_HOST)";
				CODE_SIGN_STYLE = Automatic;
				INFOPLIST_FILE = Tumblr_FeedTests/Info.plist;
				LD_RUNPATH_SEARCH_PATHS = (
					"$(inherited)",
					"@executable_path/Frameworks",
					"@loader_path/Frameworks",
				);
				PRODUCT_BUNDLE_IDENTIFIER = "com.codepath.Tumblr-FeedTests";
				PRODUCT_NAME = "$(TARGET_NAME)";
				SWIFT_VERSION = 4.0;
				TARGETED_DEVICE_FAMILY = "1,2";
				TEST_HOST = "$(BUILT_PRODUCTS_DIR)/Tumblr_Feed.app/Tumblr_Feed";
			};
			name = Debug;
		};
		90A7C271214710A2007B5D83 /* Release */ = {
			isa = XCBuildConfiguration;
			buildSettings = {
				ALWAYS_EMBED_SWIFT_STANDARD_LIBRARIES = YES;
				BUNDLE_LOADER = "$(TEST_HOST)";
				CODE_SIGN_STYLE = Automatic;
				INFOPLIST_FILE = Tumblr_FeedTests/Info.plist;
				LD_RUNPATH_SEARCH_PATHS = (
					"$(inherited)",
					"@executable_path/Frameworks",
					"@loader_path/Frameworks",
				);
				PRODUCT_BUNDLE_IDENTIFIER = "com.codepath.Tumblr-FeedTests";
				PRODUCT_NAME = "$(TARGET_NAME)";
				SWIFT_VERSION = 4.0;
				TARGETED_DEVICE_FAMILY = "1,2";
				TEST_HOST = "$(BUILT_PRODUCTS_DIR)/Tumblr_Feed.app/Tumblr_Feed";
			};
			name = Release;
		};
		90A7C273214710A2007B5D83 /* Debug */ = {
			isa = XCBuildConfiguration;
			buildSettings = {
				ALWAYS_EMBED_SWIFT_STANDARD_LIBRARIES = YES;
				CODE_SIGN_STYLE = Automatic;
				INFOPLIST_FILE = Tumblr_FeedUITests/Info.plist;
				LD_RUNPATH_SEARCH_PATHS = (
					"$(inherited)",
					"@executable_path/Frameworks",
					"@loader_path/Frameworks",
				);
				PRODUCT_BUNDLE_IDENTIFIER = "com.codepath.Tumblr-FeedUITests";
				PRODUCT_NAME = "$(TARGET_NAME)";
				SWIFT_VERSION = 4.0;
				TARGETED_DEVICE_FAMILY = "1,2";
				TEST_TARGET_NAME = Tumblr_Feed;
			};
			name = Debug;
		};
		90A7C274214710A2007B5D83 /* Release */ = {
			isa = XCBuildConfiguration;
			buildSettings = {
				ALWAYS_EMBED_SWIFT_STANDARD_LIBRARIES = YES;
				CODE_SIGN_STYLE = Automatic;
				INFOPLIST_FILE = Tumblr_FeedUITests/Info.plist;
				LD_RUNPATH_SEARCH_PATHS = (
					"$(inherited)",
					"@executable_path/Frameworks",
					"@loader_path/Frameworks",
				);
				PRODUCT_BUNDLE_IDENTIFIER = "com.codepath.Tumblr-FeedUITests";
				PRODUCT_NAME = "$(TARGET_NAME)";
				SWIFT_VERSION = 4.0;
				TARGETED_DEVICE_FAMILY = "1,2";
				TEST_TARGET_NAME = Tumblr_Feed;
			};
			name = Release;
		};
/* End XCBuildConfiguration section */

/* Begin XCConfigurationList section */
		90A7C23F214710A1007B5D83 /* Build configuration list for PBXProject "Tumblr_Feed" */ = {
			isa = XCConfigurationList;
			buildConfigurations = (
				90A7C26A214710A2007B5D83 /* Debug */,
				90A7C26B214710A2007B5D83 /* Release */,
			);
			defaultConfigurationIsVisible = 0;
			defaultConfigurationName = Release;
		};
		90A7C26C214710A2007B5D83 /* Build configuration list for PBXNativeTarget "Tumblr_Feed" */ = {
			isa = XCConfigurationList;
			buildConfigurations = (
				90A7C26D214710A2007B5D83 /* Debug */,
				90A7C26E214710A2007B5D83 /* Release */,
			);
			defaultConfigurationIsVisible = 0;
			defaultConfigurationName = Release;
		};
		90A7C26F214710A2007B5D83 /* Build configuration list for PBXNativeTarget "Tumblr_FeedTests" */ = {
			isa = XCConfigurationList;
			buildConfigurations = (
				90A7C270214710A2007B5D83 /* Debug */,
				90A7C271214710A2007B5D83 /* Release */,
			);
			defaultConfigurationIsVisible = 0;
			defaultConfigurationName = Release;
		};
		90A7C272214710A2007B5D83 /* Build configuration list for PBXNativeTarget "Tumblr_FeedUITests" */ = {
			isa = XCConfigurationList;
			buildConfigurations = (
				90A7C273214710A2007B5D83 /* Debug */,
				90A7C274214710A2007B5D83 /* Release */,
			);
			defaultConfigurationIsVisible = 0;
			defaultConfigurationName = Release;
		};
/* End XCConfigurationList section */
	};
	rootObject = 90A7C23C214710A1007B5D83 /* Project object */;
}
